// !$*UTF8*$!
{
	archiveVersion = 1;
	classes = {
	};
	objectVersion = 48;
	objects = {

/* Begin PBXBuildFile section */
		3301F67F1FE804F400AEB63E /* AppDelegate.m in Sources */ = {isa = PBXBuildFile; fileRef = 3301F67E1FE804F400AEB63E /* AppDelegate.m */; };
		3301F6821FE804F400AEB63E /* ViewController.m in Sources */ = {isa = PBXBuildFile; fileRef = 3301F6811FE804F400AEB63E /* ViewController.m */; };
		3301F6851FE804F400AEB63E /* Main.storyboard in Resources */ = {isa = PBXBuildFile; fileRef = 3301F6831FE804F400AEB63E /* Main.storyboard */; };
		3301F6871FE804F400AEB63E /* Assets.xcassets in Resources */ = {isa = PBXBuildFile; fileRef = 3301F6861FE804F400AEB63E /* Assets.xcassets */; };
		3301F68A1FE804F400AEB63E /* LaunchScreen.storyboard in Resources */ = {isa = PBXBuildFile; fileRef = 3301F6881FE804F400AEB63E /* LaunchScreen.storyboard */; };
		3301F68D1FE804F400AEB63E /* main.m in Sources */ = {isa = PBXBuildFile; fileRef = 3301F68C1FE804F400AEB63E /* main.m */; };
		3301F6971FE804F500AEB63E /* LNCategories_masterTests.m in Sources */ = {isa = PBXBuildFile; fileRef = 3301F6961FE804F500AEB63E /* LNCategories_masterTests.m */; };
		3301F6A21FE804F500AEB63E /* LNCategories_masterUITests.m in Sources */ = {isa = PBXBuildFile; fileRef = 3301F6A11FE804F500AEB63E /* LNCategories_masterUITests.m */; };
		3301F7661FE961B400AEB63E /* UIViewController+LNLifeCycle.m in Sources */ = {isa = PBXBuildFile; fileRef = 3301F7641FE961B400AEB63E /* UIViewController+LNLifeCycle.m */; };
		3301F7681FE9624700AEB63E /* LNCategories.podspec in Resources */ = {isa = PBXBuildFile; fileRef = 3301F7671FE9624700AEB63E /* LNCategories.podspec */; };
		3301F7AB1FE9685D00AEB63E /* UIImage+LNBlur.m in Sources */ = {isa = PBXBuildFile; fileRef = 3301F76C1FE9685C00AEB63E /* UIImage+LNBlur.m */; };
		3301F7AC1FE9685D00AEB63E /* UIImage+LNCompress.m in Sources */ = {isa = PBXBuildFile; fileRef = 3301F7701FE9685C00AEB63E /* UIImage+LNCompress.m */; };
		3301F7AD1FE9685D00AEB63E /* UIImage+LNColor.m in Sources */ = {isa = PBXBuildFile; fileRef = 3301F7711FE9685C00AEB63E /* UIImage+LNColor.m */; };
		3301F7AE1FE9685D00AEB63E /* UILabel+LNQuickInit.m in Sources */ = {isa = PBXBuildFile; fileRef = 3301F7741FE9685C00AEB63E /* UILabel+LNQuickInit.m */; };
		3301F7AF1FE9685D00AEB63E /* UIButton+LNBackgroundColor.m in Sources */ = {isa = PBXBuildFile; fileRef = 3301F7761FE9685C00AEB63E /* UIButton+LNBackgroundColor.m */; };
		3301F7B01FE9685D00AEB63E /* UIButton+LNFrame.m in Sources */ = {isa = PBXBuildFile; fileRef = 3301F7771FE9685C00AEB63E /* UIButton+LNFrame.m */; };
		3301F7B11FE9685D00AEB63E /* UIColor+LNHexString.m in Sources */ = {isa = PBXBuildFile; fileRef = 3301F77B1FE9685C00AEB63E /* UIColor+LNHexString.m */; };
		3301F7B21FE9685D00AEB63E /* UIView+LNFrame.m in Sources */ = {isa = PBXBuildFile; fileRef = 3301F7811FE9685C00AEB63E /* UIView+LNFrame.m */; };
		3301F7B31FE9685D00AEB63E /* UIView+LNScreenShot.m in Sources */ = {isa = PBXBuildFile; fileRef = 3301F7821FE9685C00AEB63E /* UIView+LNScreenShot.m */; };
		3301F7B41FE9685D00AEB63E /* UIView+LNOperation.m in Sources */ = {isa = PBXBuildFile; fileRef = 3301F7831FE9685C00AEB63E /* UIView+LNOperation.m */; };
		3301F7B51FE9685D00AEB63E /* UIView+LNToast.m in Sources */ = {isa = PBXBuildFile; fileRef = 3301F7841FE9685C00AEB63E /* UIView+LNToast.m */; };
		3301F7B61FE9685D00AEB63E /* UITextView+LNPlaceholder.m in Sources */ = {isa = PBXBuildFile; fileRef = 3301F7871FE9685C00AEB63E /* UITextView+LNPlaceholder.m */; };
		3301F7B71FE9685D00AEB63E /* NSDictionary+LNSafeAccess.m in Sources */ = {isa = PBXBuildFile; fileRef = 3301F78B1FE9685C00AEB63E /* NSDictionary+LNSafeAccess.m */; };
		3301F7B81FE9685D00AEB63E /* NSData+LNMD5.m in Sources */ = {isa = PBXBuildFile; fileRef = 3301F78E1FE9685C00AEB63E /* NSData+LNMD5.m */; };
		3301F7B91FE9685D00AEB63E /* NSURL+LNParameter.m in Sources */ = {isa = PBXBuildFile; fileRef = 3301F7921FE9685C00AEB63E /* NSURL+LNParameter.m */; };
		3301F7BA1FE9685D00AEB63E /* NSString+LNCode.m in Sources */ = {isa = PBXBuildFile; fileRef = 3301F7941FE9685C00AEB63E /* NSString+LNCode.m */; };
		3301F7BB1FE9685D00AEB63E /* NSString+LNDate.m in Sources */ = {isa = PBXBuildFile; fileRef = 3301F7951FE9685C00AEB63E /* NSString+LNDate.m */; };
		3301F7BC1FE9685D00AEB63E /* NSString+LNSize.m in Sources */ = {isa = PBXBuildFile; fileRef = 3301F7971FE9685D00AEB63E /* NSString+LNSize.m */; };
		3301F7BD1FE9685D00AEB63E /* NSString+LNSafeAccess.m in Sources */ = {isa = PBXBuildFile; fileRef = 3301F79B1FE9685D00AEB63E /* NSString+LNSafeAccess.m */; };
		3301F7BE1FE9685D00AEB63E /* NSString+LNAttribute.m in Sources */ = {isa = PBXBuildFile; fileRef = 3301F79E1FE9685D00AEB63E /* NSString+LNAttribute.m */; };
		3301F7BF1FE9685D00AEB63E /* NSString+LNJSON.m in Sources */ = {isa = PBXBuildFile; fileRef = 3301F79F1FE9685D00AEB63E /* NSString+LNJSON.m */; };
		3301F7C01FE9685D00AEB63E /* NSString+LNMD5.m in Sources */ = {isa = PBXBuildFile; fileRef = 3301F7A11FE9685D00AEB63E /* NSString+LNMD5.m */; };
		3301F7C11FE9685D00AEB63E /* NSArray+LNSafeAccess.m in Sources */ = {isa = PBXBuildFile; fileRef = 3301F7A31FE9685D00AEB63E /* NSArray+LNSafeAccess.m */; };
		3301F7C21FE9685D00AEB63E /* NSUserDefaults+LNSafeAccess.m in Sources */ = {isa = PBXBuildFile; fileRef = 3301F7A71FE9685D00AEB63E /* NSUserDefaults+LNSafeAccess.m */; };
		3301F7C31FE9685D00AEB63E /* NSDate+LNComponents.m in Sources */ = {isa = PBXBuildFile; fileRef = 3301F7A91FE9685D00AEB63E /* NSDate+LNComponents.m */; };
		33420E462004EDF500C1FBA9 /* UIViewController+LNQuickLook.m in Sources */ = {isa = PBXBuildFile; fileRef = 33420E452004EDF500C1FBA9 /* UIViewController+LNQuickLook.m */; };
/* End PBXBuildFile section */

/* Begin PBXContainerItemProxy section */
		3301F6931FE804F400AEB63E /* PBXContainerItemProxy */ = {
			isa = PBXContainerItemProxy;
			containerPortal = 3301F6721FE804F400AEB63E /* Project object */;
			proxyType = 1;
			remoteGlobalIDString = 3301F6791FE804F400AEB63E;
			remoteInfo = "LNCategories-master";
		};
		3301F69E1FE804F500AEB63E /* PBXContainerItemProxy */ = {
			isa = PBXContainerItemProxy;
			containerPortal = 3301F6721FE804F400AEB63E /* Project object */;
			proxyType = 1;
			remoteGlobalIDString = 3301F6791FE804F400AEB63E;
			remoteInfo = "LNCategories-master";
		};
/* End PBXContainerItemProxy section */

/* Begin PBXFileReference section */
		3301F67A1FE804F400AEB63E /* LNCategories-master.app */ = {isa = PBXFileReference; explicitFileType = wrapper.application; includeInIndex = 0; path = "LNCategories-master.app"; sourceTree = BUILT_PRODUCTS_DIR; };
		3301F67D1FE804F400AEB63E /* AppDelegate.h */ = {isa = PBXFileReference; lastKnownFileType = sourcecode.c.h; path = AppDelegate.h; sourceTree = "<group>"; };
		3301F67E1FE804F400AEB63E /* AppDelegate.m */ = {isa = PBXFileReference; lastKnownFileType = sourcecode.c.objc; path = AppDelegate.m; sourceTree = "<group>"; };
		3301F6801FE804F400AEB63E /* ViewController.h */ = {isa = PBXFileReference; lastKnownFileType = sourcecode.c.h; path = ViewController.h; sourceTree = "<group>"; };
		3301F6811FE804F400AEB63E /* ViewController.m */ = {isa = PBXFileReference; lastKnownFileType = sourcecode.c.objc; path = ViewController.m; sourceTree = "<group>"; };
		3301F6841FE804F400AEB63E /* Base */ = {isa = PBXFileReference; lastKnownFileType = file.storyboard; name = Base; path = Base.lproj/Main.storyboard; sourceTree = "<group>"; };
		3301F6861FE804F400AEB63E /* Assets.xcassets */ = {isa = PBXFileReference; lastKnownFileType = folder.assetcatalog; path = Assets.xcassets; sourceTree = "<group>"; };
		3301F6891FE804F400AEB63E /* Base */ = {isa = PBXFileReference; lastKnownFileType = file.storyboard; name = Base; path = Base.lproj/LaunchScreen.storyboard; sourceTree = "<group>"; };
		3301F68B1FE804F400AEB63E /* Info.plist */ = {isa = PBXFileReference; lastKnownFileType = text.plist.xml; path = Info.plist; sourceTree = "<group>"; };
		3301F68C1FE804F400AEB63E /* main.m */ = {isa = PBXFileReference; lastKnownFileType = sourcecode.c.objc; path = main.m; sourceTree = "<group>"; };
		3301F6921FE804F400AEB63E /* LNCategories-masterTests.xctest */ = {isa = PBXFileReference; explicitFileType = wrapper.cfbundle; includeInIndex = 0; path = "LNCategories-masterTests.xctest"; sourceTree = BUILT_PRODUCTS_DIR; };
		3301F6961FE804F500AEB63E /* LNCategories_masterTests.m */ = {isa = PBXFileReference; lastKnownFileType = sourcecode.c.objc; path = LNCategories_masterTests.m; sourceTree = "<group>"; };
		3301F6981FE804F500AEB63E /* Info.plist */ = {isa = PBXFileReference; lastKnownFileType = text.plist.xml; path = Info.plist; sourceTree = "<group>"; };
		3301F69D1FE804F500AEB63E /* LNCategories-masterUITests.xctest */ = {isa = PBXFileReference; explicitFileType = wrapper.cfbundle; includeInIndex = 0; path = "LNCategories-masterUITests.xctest"; sourceTree = BUILT_PRODUCTS_DIR; };
		3301F6A11FE804F500AEB63E /* LNCategories_masterUITests.m */ = {isa = PBXFileReference; lastKnownFileType = sourcecode.c.objc; path = LNCategories_masterUITests.m; sourceTree = "<group>"; };
		3301F6A31FE804F500AEB63E /* Info.plist */ = {isa = PBXFileReference; lastKnownFileType = text.plist.xml; path = Info.plist; sourceTree = "<group>"; };
		3301F7641FE961B400AEB63E /* UIViewController+LNLifeCycle.m */ = {isa = PBXFileReference; fileEncoding = 4; lastKnownFileType = sourcecode.c.objc; path = "UIViewController+LNLifeCycle.m"; sourceTree = "<group>"; };
		3301F7651FE961B400AEB63E /* UIViewController+LNLifeCycle.h */ = {isa = PBXFileReference; fileEncoding = 4; lastKnownFileType = sourcecode.c.h; path = "UIViewController+LNLifeCycle.h"; sourceTree = "<group>"; };
		3301F7671FE9624700AEB63E /* LNCategories.podspec */ = {isa = PBXFileReference; explicitFileType = text.script.sh; fileEncoding = 4; path = LNCategories.podspec; sourceTree = SOURCE_ROOT; };
		3301F76C1FE9685C00AEB63E /* UIImage+LNBlur.m */ = {isa = PBXFileReference; fileEncoding = 4; lastKnownFileType = sourcecode.c.objc; path = "UIImage+LNBlur.m"; sourceTree = "<group>"; };
		3301F76D1FE9685C00AEB63E /* UIImage+LNCompress.h */ = {isa = PBXFileReference; fileEncoding = 4; lastKnownFileType = sourcecode.c.h; path = "UIImage+LNCompress.h"; sourceTree = "<group>"; };
		3301F76E1FE9685C00AEB63E /* UIImage+LNColor.h */ = {isa = PBXFileReference; fileEncoding = 4; lastKnownFileType = sourcecode.c.h; path = "UIImage+LNColor.h"; sourceTree = "<group>"; };
		3301F76F1FE9685C00AEB63E /* UIImage+LNBlur.h */ = {isa = PBXFileReference; fileEncoding = 4; lastKnownFileType = sourcecode.c.h; path = "UIImage+LNBlur.h"; sourceTree = "<group>"; };
		3301F7701FE9685C00AEB63E /* UIImage+LNCompress.m */ = {isa = PBXFileReference; fileEncoding = 4; lastKnownFileType = sourcecode.c.objc; path = "UIImage+LNCompress.m"; sourceTree = "<group>"; };
		3301F7711FE9685C00AEB63E /* UIImage+LNColor.m */ = {isa = PBXFileReference; fileEncoding = 4; lastKnownFileType = sourcecode.c.objc; path = "UIImage+LNColor.m"; sourceTree = "<group>"; };
		3301F7731FE9685C00AEB63E /* UILabel+LNQuickInit.h */ = {isa = PBXFileReference; fileEncoding = 4; lastKnownFileType = sourcecode.c.h; path = "UILabel+LNQuickInit.h"; sourceTree = "<group>"; };
		3301F7741FE9685C00AEB63E /* UILabel+LNQuickInit.m */ = {isa = PBXFileReference; fileEncoding = 4; lastKnownFileType = sourcecode.c.objc; path = "UILabel+LNQuickInit.m"; sourceTree = "<group>"; };
		3301F7761FE9685C00AEB63E /* UIButton+LNBackgroundColor.m */ = {isa = PBXFileReference; fileEncoding = 4; lastKnownFileType = sourcecode.c.objc; path = "UIButton+LNBackgroundColor.m"; sourceTree = "<group>"; };
		3301F7771FE9685C00AEB63E /* UIButton+LNFrame.m */ = {isa = PBXFileReference; fileEncoding = 4; lastKnownFileType = sourcecode.c.objc; path = "UIButton+LNFrame.m"; sourceTree = "<group>"; };
		3301F7781FE9685C00AEB63E /* UIButton+LNFrame.h */ = {isa = PBXFileReference; fileEncoding = 4; lastKnownFileType = sourcecode.c.h; path = "UIButton+LNFrame.h"; sourceTree = "<group>"; };
		3301F7791FE9685C00AEB63E /* UIButton+LNBackgroundColor.h */ = {isa = PBXFileReference; fileEncoding = 4; lastKnownFileType = sourcecode.c.h; path = "UIButton+LNBackgroundColor.h"; sourceTree = "<group>"; };
		3301F77B1FE9685C00AEB63E /* UIColor+LNHexString.m */ = {isa = PBXFileReference; fileEncoding = 4; lastKnownFileType = sourcecode.c.objc; path = "UIColor+LNHexString.m"; sourceTree = "<group>"; };
		3301F77C1FE9685C00AEB63E /* UIColor+LNHexString.h */ = {isa = PBXFileReference; fileEncoding = 4; lastKnownFileType = sourcecode.c.h; path = "UIColor+LNHexString.h"; sourceTree = "<group>"; };
		3301F77E1FE9685C00AEB63E /* UIView+LNToast.h */ = {isa = PBXFileReference; fileEncoding = 4; lastKnownFileType = sourcecode.c.h; path = "UIView+LNToast.h"; sourceTree = "<group>"; };
		3301F77F1FE9685C00AEB63E /* UIView+LNOperation.h */ = {isa = PBXFileReference; fileEncoding = 4; lastKnownFileType = sourcecode.c.h; path = "UIView+LNOperation.h"; sourceTree = "<group>"; };
		3301F7801FE9685C00AEB63E /* UIView+LNScreenShot.h */ = {isa = PBXFileReference; fileEncoding = 4; lastKnownFileType = sourcecode.c.h; path = "UIView+LNScreenShot.h"; sourceTree = "<group>"; };
		3301F7811FE9685C00AEB63E /* UIView+LNFrame.m */ = {isa = PBXFileReference; fileEncoding = 4; lastKnownFileType = sourcecode.c.objc; path = "UIView+LNFrame.m"; sourceTree = "<group>"; };
		3301F7821FE9685C00AEB63E /* UIView+LNScreenShot.m */ = {isa = PBXFileReference; fileEncoding = 4; lastKnownFileType = sourcecode.c.objc; path = "UIView+LNScreenShot.m"; sourceTree = "<group>"; };
		3301F7831FE9685C00AEB63E /* UIView+LNOperation.m */ = {isa = PBXFileReference; fileEncoding = 4; lastKnownFileType = sourcecode.c.objc; path = "UIView+LNOperation.m"; sourceTree = "<group>"; };
		3301F7841FE9685C00AEB63E /* UIView+LNToast.m */ = {isa = PBXFileReference; fileEncoding = 4; lastKnownFileType = sourcecode.c.objc; path = "UIView+LNToast.m"; sourceTree = "<group>"; };
		3301F7851FE9685C00AEB63E /* UIView+LNFrame.h */ = {isa = PBXFileReference; fileEncoding = 4; lastKnownFileType = sourcecode.c.h; path = "UIView+LNFrame.h"; sourceTree = "<group>"; };
		3301F7871FE9685C00AEB63E /* UITextView+LNPlaceholder.m */ = {isa = PBXFileReference; fileEncoding = 4; lastKnownFileType = sourcecode.c.objc; path = "UITextView+LNPlaceholder.m"; sourceTree = "<group>"; };
		3301F7881FE9685C00AEB63E /* UITextView+LNPlaceholder.h */ = {isa = PBXFileReference; fileEncoding = 4; lastKnownFileType = sourcecode.c.h; path = "UITextView+LNPlaceholder.h"; sourceTree = "<group>"; };
		3301F78B1FE9685C00AEB63E /* NSDictionary+LNSafeAccess.m */ = {isa = PBXFileReference; fileEncoding = 4; lastKnownFileType = sourcecode.c.objc; path = "NSDictionary+LNSafeAccess.m"; sourceTree = "<group>"; };
		3301F78C1FE9685C00AEB63E /* NSDictionary+LNSafeAccess.h */ = {isa = PBXFileReference; fileEncoding = 4; lastKnownFileType = sourcecode.c.h; path = "NSDictionary+LNSafeAccess.h"; sourceTree = "<group>"; };
		3301F78E1FE9685C00AEB63E /* NSData+LNMD5.m */ = {isa = PBXFileReference; fileEncoding = 4; lastKnownFileType = sourcecode.c.objc; path = "NSData+LNMD5.m"; sourceTree = "<group>"; };
		3301F78F1FE9685C00AEB63E /* NSData+LNMD5.h */ = {isa = PBXFileReference; fileEncoding = 4; lastKnownFileType = sourcecode.c.h; path = "NSData+LNMD5.h"; sourceTree = "<group>"; };
		3301F7911FE9685C00AEB63E /* NSURL+LNParameter.h */ = {isa = PBXFileReference; fileEncoding = 4; lastKnownFileType = sourcecode.c.h; path = "NSURL+LNParameter.h"; sourceTree = "<group>"; };
		3301F7921FE9685C00AEB63E /* NSURL+LNParameter.m */ = {isa = PBXFileReference; fileEncoding = 4; lastKnownFileType = sourcecode.c.objc; path = "NSURL+LNParameter.m"; sourceTree = "<group>"; };
		3301F7941FE9685C00AEB63E /* NSString+LNCode.m */ = {isa = PBXFileReference; fileEncoding = 4; lastKnownFileType = sourcecode.c.objc; path = "NSString+LNCode.m"; sourceTree = "<group>"; };
		3301F7951FE9685C00AEB63E /* NSString+LNDate.m */ = {isa = PBXFileReference; fileEncoding = 4; lastKnownFileType = sourcecode.c.objc; path = "NSString+LNDate.m"; sourceTree = "<group>"; };
		3301F7961FE9685D00AEB63E /* NSString+LNSafeAccess.h */ = {isa = PBXFileReference; fileEncoding = 4; lastKnownFileType = sourcecode.c.h; path = "NSString+LNSafeAccess.h"; sourceTree = "<group>"; };
		3301F7971FE9685D00AEB63E /* NSString+LNSize.m */ = {isa = PBXFileReference; fileEncoding = 4; lastKnownFileType = sourcecode.c.objc; path = "NSString+LNSize.m"; sourceTree = "<group>"; };
		3301F7981FE9685D00AEB63E /* NSString+LNJSON.h */ = {isa = PBXFileReference; fileEncoding = 4; lastKnownFileType = sourcecode.c.h; path = "NSString+LNJSON.h"; sourceTree = "<group>"; };
		3301F7991FE9685D00AEB63E /* NSString+LNAttribute.h */ = {isa = PBXFileReference; fileEncoding = 4; lastKnownFileType = sourcecode.c.h; path = "NSString+LNAttribute.h"; sourceTree = "<group>"; };
		3301F79A1FE9685D00AEB63E /* NSString+LNMD5.h */ = {isa = PBXFileReference; fileEncoding = 4; lastKnownFileType = sourcecode.c.h; path = "NSString+LNMD5.h"; sourceTree = "<group>"; };
		3301F79B1FE9685D00AEB63E /* NSString+LNSafeAccess.m */ = {isa = PBXFileReference; fileEncoding = 4; lastKnownFileType = sourcecode.c.objc; path = "NSString+LNSafeAccess.m"; sourceTree = "<group>"; };
		3301F79C1FE9685D00AEB63E /* NSString+LNDate.h */ = {isa = PBXFileReference; fileEncoding = 4; lastKnownFileType = sourcecode.c.h; path = "NSString+LNDate.h"; sourceTree = "<group>"; };
		3301F79D1FE9685D00AEB63E /* NSString+LNCode.h */ = {isa = PBXFileReference; fileEncoding = 4; lastKnownFileType = sourcecode.c.h; path = "NSString+LNCode.h"; sourceTree = "<group>"; };
		3301F79E1FE9685D00AEB63E /* NSString+LNAttribute.m */ = {isa = PBXFileReference; fileEncoding = 4; lastKnownFileType = sourcecode.c.objc; path = "NSString+LNAttribute.m"; sourceTree = "<group>"; };
		3301F79F1FE9685D00AEB63E /* NSString+LNJSON.m */ = {isa = PBXFileReference; fileEncoding = 4; lastKnownFileType = sourcecode.c.objc; path = "NSString+LNJSON.m"; sourceTree = "<group>"; };
		3301F7A01FE9685D00AEB63E /* NSString+LNSize.h */ = {isa = PBXFileReference; fileEncoding = 4; lastKnownFileType = sourcecode.c.h; path = "NSString+LNSize.h"; sourceTree = "<group>"; };
		3301F7A11FE9685D00AEB63E /* NSString+LNMD5.m */ = {isa = PBXFileReference; fileEncoding = 4; lastKnownFileType = sourcecode.c.objc; path = "NSString+LNMD5.m"; sourceTree = "<group>"; };
		3301F7A31FE9685D00AEB63E /* NSArray+LNSafeAccess.m */ = {isa = PBXFileReference; fileEncoding = 4; lastKnownFileType = sourcecode.c.objc; path = "NSArray+LNSafeAccess.m"; sourceTree = "<group>"; };
		3301F7A41FE9685D00AEB63E /* NSArray+LNSafeAccess.h */ = {isa = PBXFileReference; fileEncoding = 4; lastKnownFileType = sourcecode.c.h; path = "NSArray+LNSafeAccess.h"; sourceTree = "<group>"; };
		3301F7A61FE9685D00AEB63E /* NSUserDefaults+LNSafeAccess.h */ = {isa = PBXFileReference; fileEncoding = 4; lastKnownFileType = sourcecode.c.h; path = "NSUserDefaults+LNSafeAccess.h"; sourceTree = "<group>"; };
		3301F7A71FE9685D00AEB63E /* NSUserDefaults+LNSafeAccess.m */ = {isa = PBXFileReference; fileEncoding = 4; lastKnownFileType = sourcecode.c.objc; path = "NSUserDefaults+LNSafeAccess.m"; sourceTree = "<group>"; };
		3301F7A91FE9685D00AEB63E /* NSDate+LNComponents.m */ = {isa = PBXFileReference; fileEncoding = 4; lastKnownFileType = sourcecode.c.objc; path = "NSDate+LNComponents.m"; sourceTree = "<group>"; };
		3301F7AA1FE9685D00AEB63E /* NSDate+LNComponents.h */ = {isa = PBXFileReference; fileEncoding = 4; lastKnownFileType = sourcecode.c.h; path = "NSDate+LNComponents.h"; sourceTree = "<group>"; };
		33420E442004EDF500C1FBA9 /* UIViewController+LNQuickLook.h */ = {isa = PBXFileReference; lastKnownFileType = sourcecode.c.h; path = "UIViewController+LNQuickLook.h"; sourceTree = "<group>"; };
		33420E452004EDF500C1FBA9 /* UIViewController+LNQuickLook.m */ = {isa = PBXFileReference; lastKnownFileType = sourcecode.c.objc; path = "UIViewController+LNQuickLook.m"; sourceTree = "<group>"; };
/* End PBXFileReference section */

/* Begin PBXFrameworksBuildPhase section */
		3301F6771FE804F400AEB63E /* Frameworks */ = {
			isa = PBXFrameworksBuildPhase;
			buildActionMask = 2147483647;
			files = (
			);
			runOnlyForDeploymentPostprocessing = 0;
		};
		3301F68F1FE804F400AEB63E /* Frameworks */ = {
			isa = PBXFrameworksBuildPhase;
			buildActionMask = 2147483647;
			files = (
			);
			runOnlyForDeploymentPostprocessing = 0;
		};
		3301F69A1FE804F500AEB63E /* Frameworks */ = {
			isa = PBXFrameworksBuildPhase;
			buildActionMask = 2147483647;
			files = (
			);
			runOnlyForDeploymentPostprocessing = 0;
		};
/* End PBXFrameworksBuildPhase section */

/* Begin PBXGroup section */
		3301F6711FE804F400AEB63E = {
			isa = PBXGroup;
			children = (
				3301F67C1FE804F400AEB63E /* LNCategories-master */,
				3301F6951FE804F500AEB63E /* LNCategories-masterTests */,
				3301F6A01FE804F500AEB63E /* LNCategories-masterUITests */,
				3301F67B1FE804F400AEB63E /* Products */,
			);
			sourceTree = "<group>";
		};
		3301F67B1FE804F400AEB63E /* Products */ = {
			isa = PBXGroup;
			children = (
				3301F67A1FE804F400AEB63E /* LNCategories-master.app */,
				3301F6921FE804F400AEB63E /* LNCategories-masterTests.xctest */,
				3301F69D1FE804F500AEB63E /* LNCategories-masterUITests.xctest */,
			);
			name = Products;
			sourceTree = "<group>";
		};
		3301F67C1FE804F400AEB63E /* LNCategories-master */ = {
			isa = PBXGroup;
			children = (
				3301F7671FE9624700AEB63E /* LNCategories.podspec */,
				3301F6B51FE8064500AEB63E /* LNCategories */,
				3301F67D1FE804F400AEB63E /* AppDelegate.h */,
				3301F67E1FE804F400AEB63E /* AppDelegate.m */,
				3301F6801FE804F400AEB63E /* ViewController.h */,
				3301F6811FE804F400AEB63E /* ViewController.m */,
				3301F6831FE804F400AEB63E /* Main.storyboard */,
				3301F6861FE804F400AEB63E /* Assets.xcassets */,
				3301F6881FE804F400AEB63E /* LaunchScreen.storyboard */,
				3301F68B1FE804F400AEB63E /* Info.plist */,
				3301F68C1FE804F400AEB63E /* main.m */,
			);
			path = "LNCategories-master";
			sourceTree = "<group>";
		};
		3301F6951FE804F500AEB63E /* LNCategories-masterTests */ = {
			isa = PBXGroup;
			children = (
				3301F6961FE804F500AEB63E /* LNCategories_masterTests.m */,
				3301F6981FE804F500AEB63E /* Info.plist */,
			);
			path = "LNCategories-masterTests";
			sourceTree = "<group>";
		};
		3301F6A01FE804F500AEB63E /* LNCategories-masterUITests */ = {
			isa = PBXGroup;
			children = (
				3301F6A11FE804F500AEB63E /* LNCategories_masterUITests.m */,
				3301F6A31FE804F500AEB63E /* Info.plist */,
			);
			path = "LNCategories-masterUITests";
			sourceTree = "<group>";
		};
		3301F6B51FE8064500AEB63E /* LNCategories */ = {
			isa = PBXGroup;
			children = (
				3301F7691FE9685C00AEB63E /* LNCategories */,
				3301F7631FE961B400AEB63E /* LifeCycle */,
			);
			path = LNCategories;
			sourceTree = SOURCE_ROOT;
		};
		3301F7631FE961B400AEB63E /* LifeCycle */ = {
			isa = PBXGroup;
			children = (
				3301F7641FE961B400AEB63E /* UIViewController+LNLifeCycle.m */,
				3301F7651FE961B400AEB63E /* UIViewController+LNLifeCycle.h */,
			);
			path = LifeCycle;
			sourceTree = "<group>";
		};
		3301F7691FE9685C00AEB63E /* LNCategories */ = {
			isa = PBXGroup;
			children = (
				3301F76A1FE9685C00AEB63E /* UIKit */,
				3301F7891FE9685C00AEB63E /* Foundation */,
			);
			path = LNCategories;
			sourceTree = "<group>";
		};
		3301F76A1FE9685C00AEB63E /* UIKit */ = {
			isa = PBXGroup;
			children = (
				33420E432004EDCD00C1FBA9 /* UIViewController */,
				3301F76B1FE9685C00AEB63E /* UIImage */,
				3301F7721FE9685C00AEB63E /* UILabel */,
				3301F7751FE9685C00AEB63E /* UIButton */,
				3301F77A1FE9685C00AEB63E /* UIColor */,
				3301F77D1FE9685C00AEB63E /* UIView */,
				3301F7861FE9685C00AEB63E /* UITextView */,
			);
			path = UIKit;
			sourceTree = "<group>";
		};
		3301F76B1FE9685C00AEB63E /* UIImage */ = {
			isa = PBXGroup;
			children = (
				3301F76C1FE9685C00AEB63E /* UIImage+LNBlur.m */,
				3301F76D1FE9685C00AEB63E /* UIImage+LNCompress.h */,
				3301F76E1FE9685C00AEB63E /* UIImage+LNColor.h */,
				3301F76F1FE9685C00AEB63E /* UIImage+LNBlur.h */,
				3301F7701FE9685C00AEB63E /* UIImage+LNCompress.m */,
				3301F7711FE9685C00AEB63E /* UIImage+LNColor.m */,
			);
			path = UIImage;
			sourceTree = "<group>";
		};
		3301F7721FE9685C00AEB63E /* UILabel */ = {
			isa = PBXGroup;
			children = (
				3301F7731FE9685C00AEB63E /* UILabel+LNQuickInit.h */,
				3301F7741FE9685C00AEB63E /* UILabel+LNQuickInit.m */,
			);
			path = UILabel;
			sourceTree = "<group>";
		};
		3301F7751FE9685C00AEB63E /* UIButton */ = {
			isa = PBXGroup;
			children = (
				3301F7761FE9685C00AEB63E /* UIButton+LNBackgroundColor.m */,
				3301F7771FE9685C00AEB63E /* UIButton+LNFrame.m */,
				3301F7781FE9685C00AEB63E /* UIButton+LNFrame.h */,
				3301F7791FE9685C00AEB63E /* UIButton+LNBackgroundColor.h */,
			);
			path = UIButton;
			sourceTree = "<group>";
		};
		3301F77A1FE9685C00AEB63E /* UIColor */ = {
			isa = PBXGroup;
			children = (
				3301F77B1FE9685C00AEB63E /* UIColor+LNHexString.m */,
				3301F77C1FE9685C00AEB63E /* UIColor+LNHexString.h */,
			);
			path = UIColor;
			sourceTree = "<group>";
		};
		3301F77D1FE9685C00AEB63E /* UIView */ = {
			isa = PBXGroup;
			children = (
				3301F77E1FE9685C00AEB63E /* UIView+LNToast.h */,
				3301F77F1FE9685C00AEB63E /* UIView+LNOperation.h */,
				3301F7801FE9685C00AEB63E /* UIView+LNScreenShot.h */,
				3301F7811FE9685C00AEB63E /* UIView+LNFrame.m */,
				3301F7821FE9685C00AEB63E /* UIView+LNScreenShot.m */,
				3301F7831FE9685C00AEB63E /* UIView+LNOperation.m */,
				3301F7841FE9685C00AEB63E /* UIView+LNToast.m */,
				3301F7851FE9685C00AEB63E /* UIView+LNFrame.h */,
			);
			path = UIView;
			sourceTree = "<group>";
		};
		3301F7861FE9685C00AEB63E /* UITextView */ = {
			isa = PBXGroup;
			children = (
				3301F7871FE9685C00AEB63E /* UITextView+LNPlaceholder.m */,
				3301F7881FE9685C00AEB63E /* UITextView+LNPlaceholder.h */,
			);
			path = UITextView;
			sourceTree = "<group>";
		};
		3301F7891FE9685C00AEB63E /* Foundation */ = {
			isa = PBXGroup;
			children = (
				3301F78A1FE9685C00AEB63E /* NSDictionary */,
				3301F78D1FE9685C00AEB63E /* NSData */,
				3301F7901FE9685C00AEB63E /* NSURL */,
				3301F7931FE9685C00AEB63E /* NSString */,
				3301F7A21FE9685D00AEB63E /* NSArray */,
				3301F7A51FE9685D00AEB63E /* NSUserDefaults */,
				3301F7A81FE9685D00AEB63E /* NSDate */,
			);
			path = Foundation;
			sourceTree = "<group>";
		};
		3301F78A1FE9685C00AEB63E /* NSDictionary */ = {
			isa = PBXGroup;
			children = (
				3301F78B1FE9685C00AEB63E /* NSDictionary+LNSafeAccess.m */,
				3301F78C1FE9685C00AEB63E /* NSDictionary+LNSafeAccess.h */,
			);
			path = NSDictionary;
			sourceTree = "<group>";
		};
		3301F78D1FE9685C00AEB63E /* NSData */ = {
			isa = PBXGroup;
			children = (
				3301F78E1FE9685C00AEB63E /* NSData+LNMD5.m */,
				3301F78F1FE9685C00AEB63E /* NSData+LNMD5.h */,
			);
			path = NSData;
			sourceTree = "<group>";
		};
		3301F7901FE9685C00AEB63E /* NSURL */ = {
			isa = PBXGroup;
			children = (
				3301F7911FE9685C00AEB63E /* NSURL+LNParameter.h */,
				3301F7921FE9685C00AEB63E /* NSURL+LNParameter.m */,
			);
			path = NSURL;
			sourceTree = "<group>";
		};
		3301F7931FE9685C00AEB63E /* NSString */ = {
			isa = PBXGroup;
			children = (
				3301F7941FE9685C00AEB63E /* NSString+LNCode.m */,
				3301F7951FE9685C00AEB63E /* NSString+LNDate.m */,
				3301F7961FE9685D00AEB63E /* NSString+LNSafeAccess.h */,
				3301F7971FE9685D00AEB63E /* NSString+LNSize.m */,
				3301F7981FE9685D00AEB63E /* NSString+LNJSON.h */,
				3301F7991FE9685D00AEB63E /* NSString+LNAttribute.h */,
				3301F79A1FE9685D00AEB63E /* NSString+LNMD5.h */,
				3301F79B1FE9685D00AEB63E /* NSString+LNSafeAccess.m */,
				3301F79C1FE9685D00AEB63E /* NSString+LNDate.h */,
				3301F79D1FE9685D00AEB63E /* NSString+LNCode.h */,
				3301F79E1FE9685D00AEB63E /* NSString+LNAttribute.m */,
				3301F79F1FE9685D00AEB63E /* NSString+LNJSON.m */,
				3301F7A01FE9685D00AEB63E /* NSString+LNSize.h */,
				3301F7A11FE9685D00AEB63E /* NSString+LNMD5.m */,
			);
			path = NSString;
			sourceTree = "<group>";
		};
		3301F7A21FE9685D00AEB63E /* NSArray */ = {
			isa = PBXGroup;
			children = (
				3301F7A31FE9685D00AEB63E /* NSArray+LNSafeAccess.m */,
				3301F7A41FE9685D00AEB63E /* NSArray+LNSafeAccess.h */,
			);
			path = NSArray;
			sourceTree = "<group>";
		};
		3301F7A51FE9685D00AEB63E /* NSUserDefaults */ = {
			isa = PBXGroup;
			children = (
				3301F7A61FE9685D00AEB63E /* NSUserDefaults+LNSafeAccess.h */,
				3301F7A71FE9685D00AEB63E /* NSUserDefaults+LNSafeAccess.m */,
			);
			path = NSUserDefaults;
			sourceTree = "<group>";
		};
		3301F7A81FE9685D00AEB63E /* NSDate */ = {
			isa = PBXGroup;
			children = (
				3301F7A91FE9685D00AEB63E /* NSDate+LNComponents.m */,
				3301F7AA1FE9685D00AEB63E /* NSDate+LNComponents.h */,
			);
			path = NSDate;
			sourceTree = "<group>";
		};
		33420E432004EDCD00C1FBA9 /* UIViewController */ = {
			isa = PBXGroup;
			children = (
				33420E442004EDF500C1FBA9 /* UIViewController+LNQuickLook.h */,
				33420E452004EDF500C1FBA9 /* UIViewController+LNQuickLook.m */,
			);
			path = UIViewController;
			sourceTree = "<group>";
		};
/* End PBXGroup section */

/* Begin PBXNativeTarget section */
		3301F6791FE804F400AEB63E /* LNCategories-master */ = {
			isa = PBXNativeTarget;
			buildConfigurationList = 3301F6A61FE804F500AEB63E /* Build configuration list for PBXNativeTarget "LNCategories-master" */;
			buildPhases = (
				3301F6761FE804F400AEB63E /* Sources */,
				3301F6771FE804F400AEB63E /* Frameworks */,
				3301F6781FE804F400AEB63E /* Resources */,
			);
			buildRules = (
			);
			dependencies = (
			);
			name = "LNCategories-master";
			productName = "LNCategories-master";
			productReference = 3301F67A1FE804F400AEB63E /* LNCategories-master.app */;
			productType = "com.apple.product-type.application";
		};
		3301F6911FE804F400AEB63E /* LNCategories-masterTests */ = {
			isa = PBXNativeTarget;
			buildConfigurationList = 3301F6A91FE804F500AEB63E /* Build configuration list for PBXNativeTarget "LNCategories-masterTests" */;
			buildPhases = (
				3301F68E1FE804F400AEB63E /* Sources */,
				3301F68F1FE804F400AEB63E /* Frameworks */,
				3301F6901FE804F400AEB63E /* Resources */,
			);
			buildRules = (
			);
			dependencies = (
				3301F6941FE804F400AEB63E /* PBXTargetDependency */,
			);
			name = "LNCategories-masterTests";
			productName = "LNCategories-masterTests";
			productReference = 3301F6921FE804F400AEB63E /* LNCategories-masterTests.xctest */;
			productType = "com.apple.product-type.bundle.unit-test";
		};
		3301F69C1FE804F500AEB63E /* LNCategories-masterUITests */ = {
			isa = PBXNativeTarget;
			buildConfigurationList = 3301F6AC1FE804F500AEB63E /* Build configuration list for PBXNativeTarget "LNCategories-masterUITests" */;
			buildPhases = (
				3301F6991FE804F500AEB63E /* Sources */,
				3301F69A1FE804F500AEB63E /* Frameworks */,
				3301F69B1FE804F500AEB63E /* Resources */,
			);
			buildRules = (
			);
			dependencies = (
				3301F69F1FE804F500AEB63E /* PBXTargetDependency */,
			);
			name = "LNCategories-masterUITests";
			productName = "LNCategories-masterUITests";
			productReference = 3301F69D1FE804F500AEB63E /* LNCategories-masterUITests.xctest */;
			productType = "com.apple.product-type.bundle.ui-testing";
		};
/* End PBXNativeTarget section */

/* Begin PBXProject section */
		3301F6721FE804F400AEB63E /* Project object */ = {
			isa = PBXProject;
			attributes = {
				LastUpgradeCheck = 0920;
				ORGANIZATIONNAME = LN;
				TargetAttributes = {
					3301F6791FE804F400AEB63E = {
						CreatedOnToolsVersion = 9.2;
						ProvisioningStyle = Automatic;
					};
					3301F6911FE804F400AEB63E = {
						CreatedOnToolsVersion = 9.2;
						ProvisioningStyle = Automatic;
						TestTargetID = 3301F6791FE804F400AEB63E;
					};
					3301F69C1FE804F500AEB63E = {
						CreatedOnToolsVersion = 9.2;
						ProvisioningStyle = Automatic;
						TestTargetID = 3301F6791FE804F400AEB63E;
					};
				};
			};
			buildConfigurationList = 3301F6751FE804F400AEB63E /* Build configuration list for PBXProject "LNCategories-master" */;
			compatibilityVersion = "Xcode 8.0";
			developmentRegion = en;
			hasScannedForEncodings = 0;
			knownRegions = (
				en,
				Base,
			);
			mainGroup = 3301F6711FE804F400AEB63E;
			productRefGroup = 3301F67B1FE804F400AEB63E /* Products */;
			projectDirPath = "";
			projectRoot = "";
			targets = (
				3301F6791FE804F400AEB63E /* LNCategories-master */,
				3301F6911FE804F400AEB63E /* LNCategories-masterTests */,
				3301F69C1FE804F500AEB63E /* LNCategories-masterUITests */,
			);
		};
/* End PBXProject section */

/* Begin PBXResourcesBuildPhase section */
		3301F6781FE804F400AEB63E /* Resources */ = {
			isa = PBXResourcesBuildPhase;
			buildActionMask = 2147483647;
			files = (
				3301F7681FE9624700AEB63E /* LNCategories.podspec in Resources */,
				3301F68A1FE804F400AEB63E /* LaunchScreen.storyboard in Resources */,
				3301F6871FE804F400AEB63E /* Assets.xcassets in Resources */,
				3301F6851FE804F400AEB63E /* Main.storyboard in Resources */,
			);
			runOnlyForDeploymentPostprocessing = 0;
		};
		3301F6901FE804F400AEB63E /* Resources */ = {
			isa = PBXResourcesBuildPhase;
			buildActionMask = 2147483647;
			files = (
			);
			runOnlyForDeploymentPostprocessing = 0;
		};
		3301F69B1FE804F500AEB63E /* Resources */ = {
			isa = PBXResourcesBuildPhase;
			buildActionMask = 2147483647;
			files = (
			);
			runOnlyForDeploymentPostprocessing = 0;
		};
/* End PBXResourcesBuildPhase section */

/* Begin PBXSourcesBuildPhase section */
		3301F6761FE804F400AEB63E /* Sources */ = {
			isa = PBXSourcesBuildPhase;
			buildActionMask = 2147483647;
			files = (
				3301F7BA1FE9685D00AEB63E /* NSString+LNCode.m in Sources */,
				3301F7B31FE9685D00AEB63E /* UIView+LNScreenShot.m in Sources */,
				3301F7B21FE9685D00AEB63E /* UIView+LNFrame.m in Sources */,
				3301F7C31FE9685D00AEB63E /* NSDate+LNComponents.m in Sources */,
				3301F7C11FE9685D00AEB63E /* NSArray+LNSafeAccess.m in Sources */,
				3301F7B91FE9685D00AEB63E /* NSURL+LNParameter.m in Sources */,
				3301F6821FE804F400AEB63E /* ViewController.m in Sources */,
				3301F68D1FE804F400AEB63E /* main.m in Sources */,
				3301F7BF1FE9685D00AEB63E /* NSString+LNJSON.m in Sources */,
				3301F7661FE961B400AEB63E /* UIViewController+LNLifeCycle.m in Sources */,
				3301F7B11FE9685D00AEB63E /* UIColor+LNHexString.m in Sources */,
				3301F7AC1FE9685D00AEB63E /* UIImage+LNCompress.m in Sources */,
				3301F7BD1FE9685D00AEB63E /* NSString+LNSafeAccess.m in Sources */,
				3301F7BE1FE9685D00AEB63E /* NSString+LNAttribute.m in Sources */,
				3301F7BB1FE9685D00AEB63E /* NSString+LNDate.m in Sources */,
				3301F7AF1FE9685D00AEB63E /* UIButton+LNBackgroundColor.m in Sources */,
				3301F7B41FE9685D00AEB63E /* UIView+LNOperation.m in Sources */,
				33420E462004EDF500C1FBA9 /* UIViewController+LNQuickLook.m in Sources */,
				3301F7AE1FE9685D00AEB63E /* UILabel+LNQuickInit.m in Sources */,
				3301F7C01FE9685D00AEB63E /* NSString+LNMD5.m in Sources */,
				3301F7C21FE9685D00AEB63E /* NSUserDefaults+LNSafeAccess.m in Sources */,
				3301F7AD1FE9685D00AEB63E /* UIImage+LNColor.m in Sources */,
				3301F7B61FE9685D00AEB63E /* UITextView+LNPlaceholder.m in Sources */,
				3301F7B51FE9685D00AEB63E /* UIView+LNToast.m in Sources */,
				3301F7BC1FE9685D00AEB63E /* NSString+LNSize.m in Sources */,
				3301F7B01FE9685D00AEB63E /* UIButton+LNFrame.m in Sources */,
				3301F7AB1FE9685D00AEB63E /* UIImage+LNBlur.m in Sources */,
				3301F7B81FE9685D00AEB63E /* NSData+LNMD5.m in Sources */,
				3301F7B71FE9685D00AEB63E /* NSDictionary+LNSafeAccess.m in Sources */,
				3301F67F1FE804F400AEB63E /* AppDelegate.m in Sources */,
			);
			runOnlyForDeploymentPostprocessing = 0;
		};
		3301F68E1FE804F400AEB63E /* Sources */ = {
			isa = PBXSourcesBuildPhase;
			buildActionMask = 2147483647;
			files = (
				3301F6971FE804F500AEB63E /* LNCategories_masterTests.m in Sources */,
			);
			runOnlyForDeploymentPostprocessing = 0;
		};
		3301F6991FE804F500AEB63E /* Sources */ = {
			isa = PBXSourcesBuildPhase;
			buildActionMask = 2147483647;
			files = (
				3301F6A21FE804F500AEB63E /* LNCategories_masterUITests.m in Sources */,
			);
			runOnlyForDeploymentPostprocessing = 0;
		};
/* End PBXSourcesBuildPhase section */

/* Begin PBXTargetDependency section */
		3301F6941FE804F400AEB63E /* PBXTargetDependency */ = {
			isa = PBXTargetDependency;
			target = 3301F6791FE804F400AEB63E /* LNCategories-master */;
			targetProxy = 3301F6931FE804F400AEB63E /* PBXContainerItemProxy */;
		};
		3301F69F1FE804F500AEB63E /* PBXTargetDependency */ = {
			isa = PBXTargetDependency;
			target = 3301F6791FE804F400AEB63E /* LNCategories-master */;
			targetProxy = 3301F69E1FE804F500AEB63E /* PBXContainerItemProxy */;
		};
/* End PBXTargetDependency section */

/* Begin PBXVariantGroup section */
		3301F6831FE804F400AEB63E /* Main.storyboard */ = {
			isa = PBXVariantGroup;
			children = (
				3301F6841FE804F400AEB63E /* Base */,
			);
			name = Main.storyboard;
			sourceTree = "<group>";
		};
		3301F6881FE804F400AEB63E /* LaunchScreen.storyboard */ = {
			isa = PBXVariantGroup;
			children = (
				3301F6891FE804F400AEB63E /* Base */,
			);
			name = LaunchScreen.storyboard;
			sourceTree = "<group>";
		};
/* End PBXVariantGroup section */

/* Begin XCBuildConfiguration section */
		3301F6A41FE804F500AEB63E /* Debug */ = {
			isa = XCBuildConfiguration;
			buildSettings = {
				ALWAYS_SEARCH_USER_PATHS = NO;
				CLANG_ANALYZER_NONNULL = YES;
				CLANG_ANALYZER_NUMBER_OBJECT_CONVERSION = YES_AGGRESSIVE;
				CLANG_CXX_LANGUAGE_STANDARD = "gnu++14";
				CLANG_CXX_LIBRARY = "libc++";
				CLANG_ENABLE_MODULES = YES;
				CLANG_ENABLE_OBJC_ARC = YES;
				CLANG_WARN_BLOCK_CAPTURE_AUTORELEASING = YES;
				CLANG_WARN_BOOL_CONVERSION = YES;
				CLANG_WARN_COMMA = YES;
				CLANG_WARN_CONSTANT_CONVERSION = YES;
				CLANG_WARN_DIRECT_OBJC_ISA_USAGE = YES_ERROR;
				CLANG_WARN_DOCUMENTATION_COMMENTS = YES;
				CLANG_WARN_EMPTY_BODY = YES;
				CLANG_WARN_ENUM_CONVERSION = YES;
				CLANG_WARN_INFINITE_RECURSION = YES;
				CLANG_WARN_INT_CONVERSION = YES;
				CLANG_WARN_NON_LITERAL_NULL_CONVERSION = YES;
				CLANG_WARN_OBJC_LITERAL_CONVERSION = YES;
				CLANG_WARN_OBJC_ROOT_CLASS = YES_ERROR;
				CLANG_WARN_RANGE_LOOP_ANALYSIS = YES;
				CLANG_WARN_STRICT_PROTOTYPES = YES;
				CLANG_WARN_SUSPICIOUS_MOVE = YES;
				CLANG_WARN_UNGUARDED_AVAILABILITY = YES_AGGRESSIVE;
				CLANG_WARN_UNREACHABLE_CODE = YES;
				CLANG_WARN__DUPLICATE_METHOD_MATCH = YES;
				CODE_SIGN_IDENTITY = "iPhone Developer";
				COPY_PHASE_STRIP = NO;
				DEBUG_INFORMATION_FORMAT = dwarf;
				ENABLE_STRICT_OBJC_MSGSEND = YES;
				ENABLE_TESTABILITY = YES;
				GCC_C_LANGUAGE_STANDARD = gnu11;
				GCC_DYNAMIC_NO_PIC = NO;
				GCC_NO_COMMON_BLOCKS = YES;
				GCC_OPTIMIZATION_LEVEL = 0;
				GCC_PREPROCESSOR_DEFINITIONS = (
					"DEBUG=1",
					"$(inherited)",
				);
				GCC_WARN_64_TO_32_BIT_CONVERSION = YES;
				GCC_WARN_ABOUT_RETURN_TYPE = YES_ERROR;
				GCC_WARN_UNDECLARED_SELECTOR = YES;
				GCC_WARN_UNINITIALIZED_AUTOS = YES_AGGRESSIVE;
				GCC_WARN_UNUSED_FUNCTION = YES;
				GCC_WARN_UNUSED_VARIABLE = YES;
				IPHONEOS_DEPLOYMENT_TARGET = 11.2;
				MTL_ENABLE_DEBUG_INFO = YES;
				ONLY_ACTIVE_ARCH = YES;
				SDKROOT = iphoneos;
			};
			name = Debug;
		};
		3301F6A51FE804F500AEB63E /* Release */ = {
			isa = XCBuildConfiguration;
			buildSettings = {
				ALWAYS_SEARCH_USER_PATHS = NO;
				CLANG_ANALYZER_NONNULL = YES;
				CLANG_ANALYZER_NUMBER_OBJECT_CONVERSION = YES_AGGRESSIVE;
				CLANG_CXX_LANGUAGE_STANDARD = "gnu++14";
				CLANG_CXX_LIBRARY = "libc++";
				CLANG_ENABLE_MODULES = YES;
				CLANG_ENABLE_OBJC_ARC = YES;
				CLANG_WARN_BLOCK_CAPTURE_AUTORELEASING = YES;
				CLANG_WARN_BOOL_CONVERSION = YES;
				CLANG_WARN_COMMA = YES;
				CLANG_WARN_CONSTANT_CONVERSION = YES;
				CLANG_WARN_DIRECT_OBJC_ISA_USAGE = YES_ERROR;
				CLANG_WARN_DOCUMENTATION_COMMENTS = YES;
				CLANG_WARN_EMPTY_BODY = YES;
				CLANG_WARN_ENUM_CONVERSION = YES;
				CLANG_WARN_INFINITE_RECURSION = YES;
				CLANG_WARN_INT_CONVERSION = YES;
				CLANG_WARN_NON_LITERAL_NULL_CONVERSION = YES;
				CLANG_WARN_OBJC_LITERAL_CONVERSION = YES;
				CLANG_WARN_OBJC_ROOT_CLASS = YES_ERROR;
				CLANG_WARN_RANGE_LOOP_ANALYSIS = YES;
				CLANG_WARN_STRICT_PROTOTYPES = YES;
				CLANG_WARN_SUSPICIOUS_MOVE = YES;
				CLANG_WARN_UNGUARDED_AVAILABILITY = YES_AGGRESSIVE;
				CLANG_WARN_UNREACHABLE_CODE = YES;
				CLANG_WARN__DUPLICATE_METHOD_MATCH = YES;
				CODE_SIGN_IDENTITY = "iPhone Developer";
				COPY_PHASE_STRIP = NO;
				DEBUG_INFORMATION_FORMAT = "dwarf-with-dsym";
				ENABLE_NS_ASSERTIONS = NO;
				ENABLE_STRICT_OBJC_MSGSEND = YES;
				GCC_C_LANGUAGE_STANDARD = gnu11;
				GCC_NO_COMMON_BLOCKS = YES;
				GCC_WARN_64_TO_32_BIT_CONVERSION = YES;
				GCC_WARN_ABOUT_RETURN_TYPE = YES_ERROR;
				GCC_WARN_UNDECLARED_SELECTOR = YES;
				GCC_WARN_UNINITIALIZED_AUTOS = YES_AGGRESSIVE;
				GCC_WARN_UNUSED_FUNCTION = YES;
				GCC_WARN_UNUSED_VARIABLE = YES;
				IPHONEOS_DEPLOYMENT_TARGET = 11.2;
				MTL_ENABLE_DEBUG_INFO = NO;
				SDKROOT = iphoneos;
				VALIDATE_PRODUCT = YES;
			};
			name = Release;
		};
		3301F6A71FE804F500AEB63E /* Debug */ = {
			isa = XCBuildConfiguration;
			buildSettings = {
				ASSETCATALOG_COMPILER_APPICON_NAME = AppIcon;
				CODE_SIGN_STYLE = Automatic;
				DEVELOPMENT_TEAM = 2LM2HK4U8X;
				INFOPLIST_FILE = "LNCategories-master/Info.plist";
				IPHONEOS_DEPLOYMENT_TARGET = 8.0;
				LD_RUNPATH_SEARCH_PATHS = "$(inherited) @executable_path/Frameworks";
				PRODUCT_BUNDLE_IDENTIFIER = "com.lengain.LNCategories-master";
				PRODUCT_NAME = "$(TARGET_NAME)";
				TARGETED_DEVICE_FAMILY = "1,2";
			};
			name = Debug;
		};
		3301F6A81FE804F500AEB63E /* Release */ = {
			isa = XCBuildConfiguration;
			buildSettings = {
				ASSETCATALOG_COMPILER_APPICON_NAME = AppIcon;
				CODE_SIGN_STYLE = Automatic;
				DEVELOPMENT_TEAM = 2LM2HK4U8X;
				INFOPLIST_FILE = "LNCategories-master/Info.plist";
				IPHONEOS_DEPLOYMENT_TARGET = 8.0;
				LD_RUNPATH_SEARCH_PATHS = "$(inherited) @executable_path/Frameworks";
				PRODUCT_BUNDLE_IDENTIFIER = "com.lengain.LNCategories-master";
				PRODUCT_NAME = "$(TARGET_NAME)";
				TARGETED_DEVICE_FAMILY = "1,2";
			};
			name = Release;
		};
		3301F6AA1FE804F500AEB63E /* Debug */ = {
			isa = XCBuildConfiguration;
			buildSettings = {
				BUNDLE_LOADER = "$(TEST_HOST)";
				CODE_SIGN_STYLE = Automatic;
				DEVELOPMENT_TEAM = 2LM2HK4U8X;
				INFOPLIST_FILE = "LNCategories-masterTests/Info.plist";
				LD_RUNPATH_SEARCH_PATHS = "$(inherited) @executable_path/Frameworks @loader_path/Frameworks";
				PRODUCT_BUNDLE_IDENTIFIER = "com.lengain.LNCategories-masterTests";
				PRODUCT_NAME = "$(TARGET_NAME)";
				TARGETED_DEVICE_FAMILY = "1,2";
				TEST_HOST = "$(BUILT_PRODUCTS_DIR)/LNCategories-master.app/LNCategories-master";
			};
			name = Debug;
		};
		3301F6AB1FE804F500AEB63E /* Release */ = {
			isa = XCBuildConfiguration;
			buildSettings = {
				BUNDLE_LOADER = "$(TEST_HOST)";
				CODE_SIGN_STYLE = Automatic;
				DEVELOPMENT_TEAM = 2LM2HK4U8X;
				INFOPLIST_FILE = "LNCategories-masterTests/Info.plist";
				LD_RUNPATH_SEARCH_PATHS = "$(inherited) @executable_path/Frameworks @loader_path/Frameworks";
				PRODUCT_BUNDLE_IDENTIFIER = "com.lengain.LNCategories-masterTests";
				PRODUCT_NAME = "$(TARGET_NAME)";
				TARGETED_DEVICE_FAMILY = "1,2";
				TEST_HOST = "$(BUILT_PRODUCTS_DIR)/LNCategories-master.app/LNCategories-master";
			};
			name = Release;
		};
		3301F6AD1FE804F500AEB63E /* Debug */ = {
			isa = XCBuildConfiguration;
			buildSettings = {
				CODE_SIGN_STYLE = Automatic;
				DEVELOPMENT_TEAM = 2LM2HK4U8X;
				INFOPLIST_FILE = "LNCategories-masterUITests/Info.plist";
				LD_RUNPATH_SEARCH_PATHS = "$(inherited) @executable_path/Frameworks @loader_path/Frameworks";
				PRODUCT_BUNDLE_IDENTIFIER = "com.lengain.LNCategories-masterUITests";
				PRODUCT_NAME = "$(TARGET_NAME)";
				TARGETED_DEVICE_FAMILY = "1,2";
				TEST_TARGET_NAME = "LNCategories-master";
			};
			name = Debug;
		};
		3301F6AE1FE804F500AEB63E /* Release */ = {
			isa = XCBuildConfiguration;
			buildSettings = {
				CODE_SIGN_STYLE = Automatic;
				DEVELOPMENT_TEAM = 2LM2HK4U8X;
				INFOPLIST_FILE = "LNCategories-masterUITests/Info.plist";
				LD_RUNPATH_SEARCH_PATHS = "$(inherited) @executable_path/Frameworks @loader_path/Frameworks";
				PRODUCT_BUNDLE_IDENTIFIER = "com.lengain.LNCategories-masterUITests";
				PRODUCT_NAME = "$(TARGET_NAME)";
				TARGETED_DEVICE_FAMILY = "1,2";
				TEST_TARGET_NAME = "LNCategories-master";
			};
			name = Release;
		};
/* End XCBuildConfiguration section */

/* Begin XCConfigurationList section */
		3301F6751FE804F400AEB63E /* Build configuration list for PBXProject "LNCategories-master" */ = {
			isa = XCConfigurationList;
			buildConfigurations = (
				3301F6A41FE804F500AEB63E /* Debug */,
				3301F6A51FE804F500AEB63E /* Release */,
			);
			defaultConfigurationIsVisible = 0;
			defaultConfigurationName = Release;
		};
		3301F6A61FE804F500AEB63E /* Build configuration list for PBXNativeTarget "LNCategories-master" */ = {
			isa = XCConfigurationList;
			buildConfigurations = (
				3301F6A71FE804F500AEB63E /* Debug */,
				3301F6A81FE804F500AEB63E /* Release */,
			);
			defaultConfigurationIsVisible = 0;
			defaultConfigurationName = Release;
		};
		3301F6A91FE804F500AEB63E /* Build configuration list for PBXNativeTarget "LNCategories-masterTests" */ = {
			isa = XCConfigurationList;
			buildConfigurations = (
				3301F6AA1FE804F500AEB63E /* Debug */,
				3301F6AB1FE804F500AEB63E /* Release */,
			);
			defaultConfigurationIsVisible = 0;
			defaultConfigurationName = Release;
		};
		3301F6AC1FE804F500AEB63E /* Build configuration list for PBXNativeTarget "LNCategories-masterUITests" */ = {
			isa = XCConfigurationList;
			buildConfigurations = (
				3301F6AD1FE804F500AEB63E /* Debug */,
				3301F6AE1FE804F500AEB63E /* Release */,
			);
			defaultConfigurationIsVisible = 0;
			defaultConfigurationName = Release;
		};
/* End XCConfigurationList section */
	};
	rootObject = 3301F6721FE804F400AEB63E /* Project object */;
}
